
Microsoft Visual Studio Solution File, Format Version 12.00
# Visual Studio Version 18
VisualStudioVersion = 18.0.11222.15
MinimumVisualStudioVersion = 10.0.40219.1
Project("{FAE04EC0-301F-11D3-BF4B-00C04F79EFBC}") = "KYAPI", "KYAPI.csproj", "{A8A569EB-EB8B-809D-0DB1-7C1D41D9CDA6}"
EndProject
Project("{FAE04EC0-301F-11D3-BF4B-00C04F79EFBC}") = "KYAPI.DTOs", "KYAPI.DTOs\KYAPI.DTOs.csproj", "{01C70CCD-51A9-4895-B7A3-8ACEF779A573}"
EndProject
Project("{FAE04EC0-301F-11D3-BF4B-00C04F79EFBC}") = "KYAPI.Entities", "KYAPI.Entities\KYAPI.Entities.csproj", "{7B81B878-F792-43CE-AF00-FB819515FB57}"
EndProject
Project("{FAE04EC0-301F-11D3-BF4B-00C04F79EFBC}") = "KYAPI.Data", "KYAPI.Data\KYAPI.Data.csproj", "{6BDF2322-1F49-49D6-8E91-03AA336236FB}"
EndProject
Project("{FAE04EC0-301F-11D3-BF4B-00C04F79EFBC}") = "KYAPI.Repositories", "KYAPI.Repositories\KYAPI.Repositories.csproj", "{36126D3B-AB4D-43C2-ADFD-77F0438FECAB}"
EndProject
Project("{FAE04EC0-301F-11D3-BF4B-00C04F79EFBC}") = "KYAPI.Services", "KYAPI.Services\KYAPI.Services.csproj", "{268CCCA5-871D-4C46-958F-E9CB4753FB9B}"
EndProject
Project("{FAE04EC0-301F-11D3-BF4B-00C04F79EFBC}") = "KYAPI.Interfaces", "KYAPI.Interfaces\KYAPI.Interfaces.csproj", "{BFFB04EF-C760-4DE9-80E3-D6C206477110}"
EndProject
Project("{FAE04EC0-301F-11D3-BF4B-00C04F79EFBC}") = "KYAPI.Common", "KYAPI.Common\KYAPI.Common.csproj", "{7DD94717-4E8C-4275-BC8E-5D4952FF5647}"
EndProject
Global
	GlobalSection(SolutionConfigurationPlatforms) = preSolution
		Debug|Any CPU = Debug|Any CPU
		Debug|x64 = Debug|x64
		Debug|x86 = Debug|x86
		Release|Any CPU = Release|Any CPU
		Release|x64 = Release|x64
		Release|x86 = Release|x86
	EndGlobalSection
	GlobalSection(ProjectConfigurationPlatforms) = postSolution
		{A8A569EB-EB8B-809D-0DB1-7C1D41D9CDA6}.Debug|Any CPU.ActiveCfg = Debug|Any CPU
		{A8A569EB-EB8B-809D-0DB1-7C1D41D9CDA6}.Debug|Any CPU.Build.0 = Debug|Any CPU
		{A8A569EB-EB8B-809D-0DB1-7C1D41D9CDA6}.Debug|x64.ActiveCfg = Debug|Any CPU
		{A8A569EB-EB8B-809D-0DB1-7C1D41D9CDA6}.Debug|x64.Build.0 = Debug|Any CPU
		{A8A569EB-EB8B-809D-0DB1-7C1D41D9CDA6}.Debug|x86.ActiveCfg = Debug|Any CPU
		{A8A569EB-EB8B-809D-0DB1-7C1D41D9CDA6}.Debug|x86.Build.0 = Debug|Any CPU
		{A8A569EB-EB8B-809D-0DB1-7C1D41D9CDA6}.Release|Any CPU.ActiveCfg = Release|Any CPU
		{A8A569EB-EB8B-809D-0DB1-7C1D41D9CDA6}.Release|Any CPU.Build.0 = Release|Any CPU
		{A8A569EB-EB8B-809D-0DB1-7C1D41D9CDA6}.Release|x64.ActiveCfg = Release|Any CPU
		{A8A569EB-EB8B-809D-0DB1-7C1D41D9CDA6}.Release|x64.Build.0 = Release|Any CPU
		{A8A569EB-EB8B-809D-0DB1-7C1D41D9CDA6}.Release|x86.ActiveCfg = Release|Any CPU
		{A8A569EB-EB8B-809D-0DB1-7C1D41D9CDA6}.Release|x86.Build.0 = Release|Any CPU
		{01C70CCD-51A9-4895-B7A3-8ACEF779A573}.Debug|Any CPU.ActiveCfg = Debug|Any CPU
		{01C70CCD-51A9-4895-B7A3-8ACEF779A573}.Debug|Any CPU.Build.0 = Debug|Any CPU
		{01C70CCD-51A9-4895-B7A3-8ACEF779A573}.Debug|x64.ActiveCfg = Debug|Any CPU
		{01C70CCD-51A9-4895-B7A3-8ACEF779A573}.Debug|x64.Build.0 = Debug|Any CPU
		{01C70CCD-51A9-4895-B7A3-8ACEF779A573}.Debug|x86.ActiveCfg = Debug|Any CPU
		{01C70CCD-51A9-4895-B7A3-8ACEF779A573}.Debug|x86.Build.0 = Debug|Any CPU
		{01C70CCD-51A9-4895-B7A3-8ACEF779A573}.Release|Any CPU.ActiveCfg = Release|Any CPU
		{01C70CCD-51A9-4895-B7A3-8ACEF779A573}.Release|Any CPU.Build.0 = Release|Any CPU
		{01C70CCD-51A9-4895-B7A3-8ACEF779A573}.Release|x64.ActiveCfg = Release|Any CPU
		{01C70CCD-51A9-4895-B7A3-8ACEF779A573}.Release|x64.Build.0 = Release|Any CPU
		{01C70CCD-51A9-4895-B7A3-8ACEF779A573}.Release|x86.ActiveCfg = Release|Any CPU
		{01C70CCD-51A9-4895-B7A3-8ACEF779A573}.Release|x86.Build.0 = Release|Any CPU
		{7B81B878-F792-43CE-AF00-FB819515FB57}.Debug|Any CPU.ActiveCfg = Debug|Any CPU
		{7B81B878-F792-43CE-AF00-FB819515FB57}.Debug|Any CPU.Build.0 = Debug|Any CPU
		{7B81B878-F792-43CE-AF00-FB819515FB57}.Debug|x64.ActiveCfg = Debug|Any CPU
		{7B81B878-F792-43CE-AF00-FB819515FB57}.Debug|x64.Build.0 = Debug|Any CPU
		{7B81B878-F792-43CE-AF00-FB819515FB57}.Debug|x86.ActiveCfg = Debug|Any CPU
		{7B81B878-F792-43CE-AF00-FB819515FB57}.Debug|x86.Build.0 = Debug|Any CPU
		{7B81B878-F792-43CE-AF00-FB819515FB57}.Release|Any CPU.ActiveCfg = Release|Any CPU
		{7B81B878-F792-43CE-AF00-FB819515FB57}.Release|Any CPU.Build.0 = Release|Any CPU
		{7B81B878-F792-43CE-AF00-FB819515FB57}.Release|x64.ActiveCfg = Release|Any CPU
		{7B81B878-F792-43CE-AF00-FB819515FB57}.Release|x64.Build.0 = Release|Any CPU
		{7B81B878-F792-43CE-AF00-FB819515FB57}.Release|x86.ActiveCfg = Release|Any CPU
		{7B81B878-F792-43CE-AF00-FB819515FB57}.Release|x86.Build.0 = Release|Any CPU
		{6BDF2322-1F49-49D6-8E91-03AA336236FB}.Debug|Any CPU.ActiveCfg = Debug|Any CPU
		{6BDF2322-1F49-49D6-8E91-03AA336236FB}.Debug|Any CPU.Build.0 = Debug|Any CPU
		{6BDF2322-1F49-49D6-8E91-03AA336236FB}.Debug|x64.ActiveCfg = Debug|Any CPU
		{6BDF2322-1F49-49D6-8E91-03AA336236FB}.Debug|x64.Build.0 = Debug|Any CPU
		{6BDF2322-1F49-49D6-8E91-03AA336236FB}.Debug|x86.ActiveCfg = Debug|Any CPU
		{6BDF2322-1F49-49D6-8E91-03AA336236FB}.Debug|x86.Build.0 = Debug|Any CPU
		{6BDF2322-1F49-49D6-8E91-03AA336236FB}.Release|Any CPU.ActiveCfg = Release|Any CPU
		{6BDF2322-1F49-49D6-8E91-03AA336236FB}.Release|Any CPU.Build.0 = Release|Any CPU
		{6BDF2322-1F49-49D6-8E91-03AA336236FB}.Release|x64.ActiveCfg = Release|Any CPU
		{6BDF2322-1F49-49D6-8E91-03AA336236FB}.Release|x64.Build.0 = Release|Any CPU
		{6BDF2322-1F49-49D6-8E91-03AA336236FB}.Release|x86.ActiveCfg = Release|Any CPU
		{6BDF2322-1F49-49D6-8E91-03AA336236FB}.Release|x86.Build.0 = Release|Any CPU
		{36126D3B-AB4D-43C2-ADFD-77F0438FECAB}.Debug|Any CPU.ActiveCfg = Debug|Any CPU
		{36126D3B-AB4D-43C2-ADFD-77F0438FECAB}.Debug|Any CPU.Build.0 = Debug|Any CPU
		{36126D3B-AB4D-43C2-ADFD-77F0438FECAB}.Debug|x64.ActiveCfg = Debug|Any CPU
		{36126D3B-AB4D-43C2-ADFD-77F0438FECAB}.Debug|x64.Build.0 = Debug|Any CPU
		{36126D3B-AB4D-43C2-ADFD-77F0438FECAB}.Debug|x86.ActiveCfg = Debug|Any CPU
		{36126D3B-AB4D-43C2-ADFD-77F0438FECAB}.Debug|x86.Build.0 = Debug|Any CPU
		{36126D3B-AB4D-43C2-ADFD-77F0438FECAB}.Release|Any CPU.ActiveCfg = Release|Any CPU
		{36126D3B-AB4D-43C2-ADFD-77F0438FECAB}.Release|Any CPU.Build.0 = Release|Any CPU
		{36126D3B-AB4D-43C2-ADFD-77F0438FECAB}.Release|x64.ActiveCfg = Release|Any CPU
		{36126D3B-AB4D-43C2-ADFD-77F0438FECAB}.Release|x64.Build.0 = Release|Any CPU
		{36126D3B-AB4D-43C2-ADFD-77F0438FECAB}.Release|x86.ActiveCfg = Release|Any CPU
		{36126D3B-AB4D-43C2-ADFD-77F0438FECAB}.Release|x86.Build.0 = Release|Any CPU
		{268CCCA5-871D-4C46-958F-E9CB4753FB9B}.Debug|Any CPU.ActiveCfg = Debug|Any CPU
		{268CCCA5-871D-4C46-958F-E9CB4753FB9B}.Debug|Any CPU.Build.0 = Debug|Any CPU
		{268CCCA5-871D-4C46-958F-E9CB4753FB9B}.Debug|x64.ActiveCfg = Debug|Any CPU
		{268CCCA5-871D-4C46-958F-E9CB4753FB9B}.Debug|x64.Build.0 = Debug|Any CPU
		{268CCCA5-871D-4C46-958F-E9CB4753FB9B}.Debug|x86.ActiveCfg = Debug|Any CPU
		{268CCCA5-871D-4C46-958F-E9CB4753FB9B}.Debug|x86.Build.0 = Debug|Any CPU
		{268CCCA5-871D-4C46-958F-E9CB4753FB9B}.Release|Any CPU.ActiveCfg = Release|Any CPU
		{268CCCA5-871D-4C46-958F-E9CB4753FB9B}.Release|Any CPU.Build.0 = Release|Any CPU
		{268CCCA5-871D-4C46-958F-E9CB4753FB9B}.Release|x64.ActiveCfg = Release|Any CPU
		{268CCCA5-871D-4C46-958F-E9CB4753FB9B}.Release|x64.Build.0 = Release|Any CPU
		{268CCCA5-871D-4C46-958F-E9CB4753FB9B}.Release|x86.ActiveCfg = Release|Any CPU
		{268CCCA5-871D-4C46-958F-E9CB4753FB9B}.Release|x86.Build.0 = Release|Any CPU
		{BFFB04EF-C760-4DE9-80E3-D6C206477110}.Debug|Any CPU.ActiveCfg = Debug|Any CPU
		{BFFB04EF-C760-4DE9-80E3-D6C206477110}.Debug|Any CPU.Build.0 = Debug|Any CPU
		{BFFB04EF-C760-4DE9-80E3-D6C206477110}.Debug|x64.ActiveCfg = Debug|Any CPU
		{BFFB04EF-C760-4DE9-80E3-D6C206477110}.Debug|x64.Build.0 = Debug|Any CPU
		{BFFB04EF-C760-4DE9-80E3-D6C206477110}.Debug|x86.ActiveCfg = Debug|Any CPU
		{BFFB04EF-C760-4DE9-80E3-D6C206477110}.Debug|x86.Build.0 = Debug|Any CPU
		{BFFB04EF-C760-4DE9-80E3-D6C206477110}.Release|Any CPU.ActiveCfg = Release|Any CPU
		{BFFB04EF-C760-4DE9-80E3-D6C206477110}.Release|Any CPU.Build.0 = Release|Any CPU
		{BFFB04EF-C760-4DE9-80E3-D6C206477110}.Release|x64.ActiveCfg = Release|Any CPU
		{BFFB04EF-C760-4DE9-80E3-D6C206477110}.Release|x64.Build.0 = Release|Any CPU
		{BFFB04EF-C760-4DE9-80E3-D6C206477110}.Release|x86.ActiveCfg = Release|Any CPU
		{BFFB04EF-C760-4DE9-80E3-D6C206477110}.Release|x86.Build.0 = Release|Any CPU
		{7DD94717-4E8C-4275-BC8E-5D4952FF5647}.Debug|Any CPU.ActiveCfg = Debug|Any CPU
		{7DD94717-4E8C-4275-BC8E-5D4952FF5647}.Debug|Any CPU.Build.0 = Debug|Any CPU
		{7DD94717-4E8C-4275-BC8E-5D4952FF5647}.Debug|x64.ActiveCfg = Debug|Any CPU
		{7DD94717-4E8C-4275-BC8E-5D4952FF5647}.Debug|x64.Build.0 = Debug|Any CPU
		{7DD94717-4E8C-4275-BC8E-5D4952FF5647}.Debug|x86.ActiveCfg = Debug|Any CPU
		{7DD94717-4E8C-4275-BC8E-5D4952FF5647}.Debug|x86.Build.0 = Debug|Any CPU
		{7DD94717-4E8C-4275-BC8E-5D4952FF5647}.Release|Any CPU.ActiveCfg = Release|Any CPU
		{7DD94717-4E8C-4275-BC8E-5D4952FF5647}.Release|Any CPU.Build.0 = Release|Any CPU
		{7DD94717-4E8C-4275-BC8E-5D4952FF5647}.Release|x64.ActiveCfg = Release|Any CPU
		{7DD94717-4E8C-4275-BC8E-5D4952FF5647}.Release|x64.Build.0 = Release|Any CPU
		{7DD94717-4E8C-4275-BC8E-5D4952FF5647}.Release|x86.ActiveCfg = Release|Any CPU
		{7DD94717-4E8C-4275-BC8E-5D4952FF5647}.Release|x86.Build.0 = Release|Any CPU
	EndGlobalSection
	GlobalSection(SolutionProperties) = preSolution
		HideSolutionNode = FALSE
	EndGlobalSection
	GlobalSection(ExtensibilityGlobals) = postSolution
		SolutionGuid = {9E80F682-BDBE-4AB5-96F4-4EBF2C216267}
	EndGlobalSection
EndGlobal
